
Microsoft Visual Studio Solution File, Format Version 12.00
# Visual Studio Version 16
VisualStudioVersion = 16.0.31729.503
MinimumVisualStudioVersion = 10.0.40219.1
Project("{FAE04EC0-301F-11D3-BF4B-00C04F79EFBC}") = "ITExpertsERa_BatchMay2022", "ITExpertsERa_BatchMay2022.csproj", "{0FAD3696-3123-4933-A6EB-A6B643E57B4B}"
EndProject
Global
	GlobalSection(SolutionConfigurationPlatforms) = preSolution
		Debug|Any CPU = Debug|Any CPU
		Release|Any CPU = Release|Any CPU
	EndGlobalSection
	GlobalSection(ProjectConfigurationPlatforms) = postSolution
		{0FAD3696-3123-4933-A6EB-A6B643E57B4B}.Debug|Any CPU.ActiveCfg = Debug|Any CPU
		{0FAD3696-3123-4933-A6EB-A6B643E57B4B}.Debug|Any CPU.Build.0 = Debug|Any CPU
		{0FAD3696-3123-4933-A6EB-A6B643E57B4B}.Release|Any CPU.ActiveCfg = Release|Any CPU
		{0FAD3696-3123-4933-A6EB-A6B643E57B4B}.Release|Any CPU.Build.0 = Release|Any CPU
	EndGlobalSection
	GlobalSection(SolutionProperties) = preSolution
		HideSolutionNode = FALSE
	EndGlobalSection
	GlobalSection(ExtensibilityGlobals) = postSolution
		SolutionGuid = {19BD3A0B-B452-4CB6-94A0-FA1693A47487}
	EndGlobalSection
EndGlobal
